
Microsoft Visual Studio Solution File, Format Version 12.00
# Visual Studio 14
VisualStudioVersion = 14.0.25420.1
MinimumVisualStudioVersion = 10.0.40219.1
Project("{FAE04EC0-301F-11D3-BF4B-00C04F79EFBC}") = "BankKata", "BankKata\BankKata.csproj", "{3429E400-F708-42B1-98A3-A6C6C57226D3}"
EndProject
Project("{FAE04EC0-301F-11D3-BF4B-00C04F79EFBC}") = "BankKata.Tests", "BankKata.Tests\BankKata.Tests.csproj", "{3C5C79D0-1034-4DBF-BF9D-6192E4C01B38}"
EndProject
Global
	GlobalSection(SolutionConfigurationPlatforms) = preSolution
		Debug|Any CPU = Debug|Any CPU
		Release|Any CPU = Release|Any CPU
	EndGlobalSection
	GlobalSection(ProjectConfigurationPlatforms) = postSolution
		{3429E400-F708-42B1-98A3-A6C6C57226D3}.Debug|Any CPU.ActiveCfg = Debug|Any CPU
		{3429E400-F708-42B1-98A3-A6C6C57226D3}.Debug|Any CPU.Build.0 = Debug|Any CPU
		{3429E400-F708-42B1-98A3-A6C6C57226D3}.Release|Any CPU.ActiveCfg = Release|Any CPU
		{3429E400-F708-42B1-98A3-A6C6C57226D3}.Release|Any CPU.Build.0 = Release|Any CPU
		{3C5C79D0-1034-4DBF-BF9D-6192E4C01B38}.Debug|Any CPU.ActiveCfg = Debug|Any CPU
		{3C5C79D0-1034-4DBF-BF9D-6192E4C01B38}.Debug|Any CPU.Build.0 = Debug|Any CPU
		{3C5C79D0-1034-4DBF-BF9D-6192E4C01B38}.Release|Any CPU.ActiveCfg = Release|Any CPU
		{3C5C79D0-1034-4DBF-BF9D-6192E4C01B38}.Release|Any CPU.Build.0 = Release|Any CPU
	EndGlobalSection
	GlobalSection(SolutionProperties) = preSolution
		HideSolutionNode = FALSE
	EndGlobalSection
EndGlobal
